
Microsoft Visual Studio Solution File, Format Version 12.00
# Visual Studio Version 16
VisualStudioVersion = 16.0.30907.101
MinimumVisualStudioVersion = 10.0.40219.1
Project("{9A19103F-16F7-4668-BE54-9A1E7A4F7556}") = "Working", "Working\Working.csproj", "{EC32243C-C139-4B03-B117-6371F01D1514}"
EndProject
Project("{9A19103F-16F7-4668-BE54-9A1E7A4F7556}") = "Methods", "Methods\Methods.csproj", "{BEB8850D-62E6-45C8-9F4C-9D6F0F195F41}"
EndProject
Project("{9A19103F-16F7-4668-BE54-9A1E7A4F7556}") = "Arrays", "Arrays\Arrays.csproj", "{7FF23D40-0AA7-45E4-A0D9-C26738E0ED65}"
EndProject
Project("{9A19103F-16F7-4668-BE54-9A1E7A4F7556}") = "ReferenceTypes", "ReferenceTypes\ReferenceTypes.csproj", "{23748446-356F-431F-AADD-B268F25310E0}"
EndProject
Project("{9A19103F-16F7-4668-BE54-9A1E7A4F7556}") = "Constructors", "Constructors\Constructors.csproj", "{A146AAD6-D11B-4564-A6D3-AB634EDFD00C}"
EndProject
Project("{9A19103F-16F7-4668-BE54-9A1E7A4F7556}") = "Generics", "Generics\Generics.csproj", "{E8E8A2FF-0805-4FD2-8A60-039E44538C4C}"
EndProject
Project("{9A19103F-16F7-4668-BE54-9A1E7A4F7556}") = "Classes", "Classes\Classes.csproj", "{F52AF748-4D3C-4D47-8845-08EF7A093D2C}"
EndProject
Project("{FAE04EC0-301F-11D3-BF4B-00C04F79EFBC}") = "RecapDemo1", "RecapDemo1\RecapDemo1.csproj", "{819A22B8-07D8-43CF-B676-F842E5FC77BA}"
EndProject
Project("{9A19103F-16F7-4668-BE54-9A1E7A4F7556}") = "Interfaces", "Interfaces\Interfaces.csproj", "{A9C2F214-BA32-4AA3-B1E8-44B6037ED630}"
EndProject
Project("{FAE04EC0-301F-11D3-BF4B-00C04F79EFBC}") = "InterfacesDemo", "InterfacesDemo\InterfacesDemo.csproj", "{EEA126E8-EE99-4536-9A19-B2017F2D819F}"
EndProject
Project("{FAE04EC0-301F-11D3-BF4B-00C04F79EFBC}") = "Inheritance", "Inheritance\Inheritance.csproj", "{2AEC2194-482D-4D53-A1A0-A1AB108DD16A}"
EndProject
Global
	GlobalSection(SolutionConfigurationPlatforms) = preSolution
		Debug|Any CPU = Debug|Any CPU
		Release|Any CPU = Release|Any CPU
	EndGlobalSection
	GlobalSection(ProjectConfigurationPlatforms) = postSolution
		{EC32243C-C139-4B03-B117-6371F01D1514}.Debug|Any CPU.ActiveCfg = Debug|Any CPU
		{EC32243C-C139-4B03-B117-6371F01D1514}.Debug|Any CPU.Build.0 = Debug|Any CPU
		{EC32243C-C139-4B03-B117-6371F01D1514}.Release|Any CPU.ActiveCfg = Release|Any CPU
		{EC32243C-C139-4B03-B117-6371F01D1514}.Release|Any CPU.Build.0 = Release|Any CPU
		{BEB8850D-62E6-45C8-9F4C-9D6F0F195F41}.Debug|Any CPU.ActiveCfg = Debug|Any CPU
		{BEB8850D-62E6-45C8-9F4C-9D6F0F195F41}.Debug|Any CPU.Build.0 = Debug|Any CPU
		{BEB8850D-62E6-45C8-9F4C-9D6F0F195F41}.Release|Any CPU.ActiveCfg = Release|Any CPU
		{BEB8850D-62E6-45C8-9F4C-9D6F0F195F41}.Release|Any CPU.Build.0 = Release|Any CPU
		{7FF23D40-0AA7-45E4-A0D9-C26738E0ED65}.Debug|Any CPU.ActiveCfg = Debug|Any CPU
		{7FF23D40-0AA7-45E4-A0D9-C26738E0ED65}.Debug|Any CPU.Build.0 = Debug|Any CPU
		{7FF23D40-0AA7-45E4-A0D9-C26738E0ED65}.Release|Any CPU.ActiveCfg = Release|Any CPU
		{7FF23D40-0AA7-45E4-A0D9-C26738E0ED65}.Release|Any CPU.Build.0 = Release|Any CPU
		{23748446-356F-431F-AADD-B268F25310E0}.Debug|Any CPU.ActiveCfg = Debug|Any CPU
		{23748446-356F-431F-AADD-B268F25310E0}.Debug|Any CPU.Build.0 = Debug|Any CPU
		{23748446-356F-431F-AADD-B268F25310E0}.Release|Any CPU.ActiveCfg = Release|Any CPU
		{23748446-356F-431F-AADD-B268F25310E0}.Release|Any CPU.Build.0 = Release|Any CPU
		{A146AAD6-D11B-4564-A6D3-AB634EDFD00C}.Debug|Any CPU.ActiveCfg = Debug|Any CPU
		{A146AAD6-D11B-4564-A6D3-AB634EDFD00C}.Debug|Any CPU.Build.0 = Debug|Any CPU
		{A146AAD6-D11B-4564-A6D3-AB634EDFD00C}.Release|Any CPU.ActiveCfg = Release|Any CPU
		{A146AAD6-D11B-4564-A6D3-AB634EDFD00C}.Release|Any CPU.Build.0 = Release|Any CPU
		{E8E8A2FF-0805-4FD2-8A60-039E44538C4C}.Debug|Any CPU.ActiveCfg = Debug|Any CPU
		{E8E8A2FF-0805-4FD2-8A60-039E44538C4C}.Debug|Any CPU.Build.0 = Debug|Any CPU
		{E8E8A2FF-0805-4FD2-8A60-039E44538C4C}.Release|Any CPU.ActiveCfg = Release|Any CPU
		{E8E8A2FF-0805-4FD2-8A60-039E44538C4C}.Release|Any CPU.Build.0 = Release|Any CPU
		{F52AF748-4D3C-4D47-8845-08EF7A093D2C}.Debug|Any CPU.ActiveCfg = Debug|Any CPU
		{F52AF748-4D3C-4D47-8845-08EF7A093D2C}.Debug|Any CPU.Build.0 = Debug|Any CPU
		{F52AF748-4D3C-4D47-8845-08EF7A093D2C}.Release|Any CPU.ActiveCfg = Release|Any CPU
		{F52AF748-4D3C-4D47-8845-08EF7A093D2C}.Release|Any CPU.Build.0 = Release|Any CPU
		{819A22B8-07D8-43CF-B676-F842E5FC77BA}.Debug|Any CPU.ActiveCfg = Debug|Any CPU
		{819A22B8-07D8-43CF-B676-F842E5FC77BA}.Debug|Any CPU.Build.0 = Debug|Any CPU
		{819A22B8-07D8-43CF-B676-F842E5FC77BA}.Release|Any CPU.ActiveCfg = Release|Any CPU
		{819A22B8-07D8-43CF-B676-F842E5FC77BA}.Release|Any CPU.Build.0 = Release|Any CPU
		{A9C2F214-BA32-4AA3-B1E8-44B6037ED630}.Debug|Any CPU.ActiveCfg = Debug|Any CPU
		{A9C2F214-BA32-4AA3-B1E8-44B6037ED630}.Debug|Any CPU.Build.0 = Debug|Any CPU
		{A9C2F214-BA32-4AA3-B1E8-44B6037ED630}.Release|Any CPU.ActiveCfg = Release|Any CPU
		{A9C2F214-BA32-4AA3-B1E8-44B6037ED630}.Release|Any CPU.Build.0 = Release|Any CPU
		{EEA126E8-EE99-4536-9A19-B2017F2D819F}.Debug|Any CPU.ActiveCfg = Debug|Any CPU
		{EEA126E8-EE99-4536-9A19-B2017F2D819F}.Debug|Any CPU.Build.0 = Debug|Any CPU
		{EEA126E8-EE99-4536-9A19-B2017F2D819F}.Release|Any CPU.ActiveCfg = Release|Any CPU
		{EEA126E8-EE99-4536-9A19-B2017F2D819F}.Release|Any CPU.Build.0 = Release|Any CPU
		{2AEC2194-482D-4D53-A1A0-A1AB108DD16A}.Debug|Any CPU.ActiveCfg = Debug|Any CPU
		{2AEC2194-482D-4D53-A1A0-A1AB108DD16A}.Debug|Any CPU.Build.0 = Debug|Any CPU
		{2AEC2194-482D-4D53-A1A0-A1AB108DD16A}.Release|Any CPU.ActiveCfg = Release|Any CPU
		{2AEC2194-482D-4D53-A1A0-A1AB108DD16A}.Release|Any CPU.Build.0 = Release|Any CPU
	EndGlobalSection
	GlobalSection(SolutionProperties) = preSolution
		HideSolutionNode = FALSE
	EndGlobalSection
	GlobalSection(ExtensibilityGlobals) = postSolution
		SolutionGuid = {2842AA9D-29F9-4F55-8440-B2A597A4E736}
	EndGlobalSection
EndGlobal
